
Microsoft Visual Studio Solution File, Format Version 12.00
# Visual Studio 2013
VisualStudioVersion = 12.0.31101.0
MinimumVisualStudioVersion = 10.0.40219.1
Project("{FAE04EC0-301F-11D3-BF4B-00C04F79EFBC}") = "Consulctl", "consulctl\Consulctl.csproj", "{37998DB2-CE6D-4E84-A6BE-71A97B66A7F1}"
EndProject
Project("{2150E333-8FDC-42A3-9474-1A3956D46DE8}") = ".nuget", ".nuget", "{D3F9408B-84F8-4074-BF83-7E41FE5FD4EF}"
	ProjectSection(SolutionItems) = preProject
		.nuget\packages.config = .nuget\packages.config
	EndProjectSection
EndProject
Project("{FAE04EC0-301F-11D3-BF4B-00C04F79EFBC}") = "Consulctl.UnitTests", "consulctl.UnitTests\Consulctl.UnitTests.csproj", "{89DE426B-F345-4C2B-A60F-EC6951E78510}"
EndProject
Project("{FAE04EC0-301F-11D3-BF4B-00C04F79EFBC}") = "Consul", "consul-net\Consul.csproj", "{3A714A7B-3438-4D3A-9F72-67938BCC9411}"
EndProject
Global
	GlobalSection(SolutionConfigurationPlatforms) = preSolution
		Debug|Any CPU = Debug|Any CPU
		Release|Any CPU = Release|Any CPU
	EndGlobalSection
	GlobalSection(ProjectConfigurationPlatforms) = postSolution
		{37998DB2-CE6D-4E84-A6BE-71A97B66A7F1}.Debug|Any CPU.ActiveCfg = Debug|Any CPU
		{37998DB2-CE6D-4E84-A6BE-71A97B66A7F1}.Debug|Any CPU.Build.0 = Debug|Any CPU
		{37998DB2-CE6D-4E84-A6BE-71A97B66A7F1}.Release|Any CPU.ActiveCfg = Release|Any CPU
		{37998DB2-CE6D-4E84-A6BE-71A97B66A7F1}.Release|Any CPU.Build.0 = Release|Any CPU
		{89DE426B-F345-4C2B-A60F-EC6951E78510}.Debug|Any CPU.ActiveCfg = Debug|Any CPU
		{89DE426B-F345-4C2B-A60F-EC6951E78510}.Debug|Any CPU.Build.0 = Debug|Any CPU
		{89DE426B-F345-4C2B-A60F-EC6951E78510}.Release|Any CPU.ActiveCfg = Release|Any CPU
		{89DE426B-F345-4C2B-A60F-EC6951E78510}.Release|Any CPU.Build.0 = Release|Any CPU
		{3A714A7B-3438-4D3A-9F72-67938BCC9411}.Debug|Any CPU.ActiveCfg = Debug|Any CPU
		{3A714A7B-3438-4D3A-9F72-67938BCC9411}.Debug|Any CPU.Build.0 = Debug|Any CPU
		{3A714A7B-3438-4D3A-9F72-67938BCC9411}.Release|Any CPU.ActiveCfg = Release|Any CPU
		{3A714A7B-3438-4D3A-9F72-67938BCC9411}.Release|Any CPU.Build.0 = Release|Any CPU
	EndGlobalSection
	GlobalSection(SolutionProperties) = preSolution
		HideSolutionNode = FALSE
	EndGlobalSection
EndGlobal
